
Microsoft Visual Studio Solution File, Format Version 12.00
# Visual Studio Version 17
VisualStudioVersion = 17.3.32929.385
MinimumVisualStudioVersion = 10.0.40219.1
Project("{FAE04EC0-301F-11D3-BF4B-00C04F79EFBC}") = "Stickman", "Stickman\Stickman.csproj", "{815F4B8C-5FE8-4D92-816A-5490EC5F6614}"
EndProject
Global
	GlobalSection(SolutionConfigurationPlatforms) = preSolution
		Debug|Any CPU = Debug|Any CPU
		Release|Any CPU = Release|Any CPU
	EndGlobalSection
	GlobalSection(ProjectConfigurationPlatforms) = postSolution
		{815F4B8C-5FE8-4D92-816A-5490EC5F6614}.Debug|Any CPU.ActiveCfg = Debug|Any CPU
		{815F4B8C-5FE8-4D92-816A-5490EC5F6614}.Debug|Any CPU.Build.0 = Debug|Any CPU
		{815F4B8C-5FE8-4D92-816A-5490EC5F6614}.Release|Any CPU.ActiveCfg = Release|Any CPU
		{815F4B8C-5FE8-4D92-816A-5490EC5F6614}.Release|Any CPU.Build.0 = Release|Any CPU
	EndGlobalSection
	GlobalSection(SolutionProperties) = preSolution
		HideSolutionNode = FALSE
	EndGlobalSection
	GlobalSection(ExtensibilityGlobals) = postSolution
		SolutionGuid = {C9FCFE8D-0BC6-4387-8041-8AC8BB27DC72}
	EndGlobalSection
EndGlobal
